
Microsoft Visual Studio Solution File, Format Version 12.00
# Visual Studio Version 17
VisualStudioVersion = 17.11.35327.3
MinimumVisualStudioVersion = 10.0.40219.1
Project("{9A19103F-16F7-4668-BE54-9A1E7A4F7556}") = "CandidateHubApi", "CandidateHubApi\CandidateHubApi.csproj", "{4805E141-D806-4D84-8624-CBE3A8A18615}"
EndProject
Global
	GlobalSection(SolutionConfigurationPlatforms) = preSolution
		Debug|Any CPU = Debug|Any CPU
		Release|Any CPU = Release|Any CPU
	EndGlobalSection
	GlobalSection(ProjectConfigurationPlatforms) = postSolution
		{4805E141-D806-4D84-8624-CBE3A8A18615}.Debug|Any CPU.ActiveCfg = Debug|Any CPU
		{4805E141-D806-4D84-8624-CBE3A8A18615}.Debug|Any CPU.Build.0 = Debug|Any CPU
		{4805E141-D806-4D84-8624-CBE3A8A18615}.Release|Any CPU.ActiveCfg = Release|Any CPU
		{4805E141-D806-4D84-8624-CBE3A8A18615}.Release|Any CPU.Build.0 = Release|Any CPU
	EndGlobalSection
	GlobalSection(SolutionProperties) = preSolution
		HideSolutionNode = FALSE
	EndGlobalSection
	GlobalSection(ExtensibilityGlobals) = postSolution
		SolutionGuid = {045A3317-90DB-4DC4-8838-B2A57E0A340B}
	EndGlobalSection
EndGlobal
